
Microsoft Visual Studio Solution File, Format Version 12.00
# Visual Studio 2013
VisualStudioVersion = 12.0.21005.1
MinimumVisualStudioVersion = 10.0.40219.1
Project("{FAE04EC0-301F-11D3-BF4B-00C04F79EFBC}") = "ImageMergingService", "ImageMergingService\ImageMergingService.csproj", "{F49BC25B-4101-4E2E-8872-7657EC95489F}"
EndProject
Project("{FAE04EC0-301F-11D3-BF4B-00C04F79EFBC}") = "CentralService", "CentralService\CentralService.csproj", "{E7C09A8A-636A-4E4E-841D-805109A3467D}"
EndProject
Project("{FAE04EC0-301F-11D3-BF4B-00C04F79EFBC}") = "AopDProxy", "AopDProxy\AopDProxy.csproj", "{CC1AF409-3CBA-475C-99B7-889D72ADB6E8}"
EndProject
Project("{FAE04EC0-301F-11D3-BF4B-00C04F79EFBC}") = "CodeRewritingInterceptor", "CodeRewritingInterceptor\CodeRewritingInterceptor.csproj", "{E41A742A-225F-47EC-9418-F1924156602F}"
EndProject
Global
	GlobalSection(SolutionConfigurationPlatforms) = preSolution
		Debug|Any CPU = Debug|Any CPU
		Release|Any CPU = Release|Any CPU
	EndGlobalSection
	GlobalSection(ProjectConfigurationPlatforms) = postSolution
		{F49BC25B-4101-4E2E-8872-7657EC95489F}.Debug|Any CPU.ActiveCfg = Debug|Any CPU
		{F49BC25B-4101-4E2E-8872-7657EC95489F}.Debug|Any CPU.Build.0 = Debug|Any CPU
		{F49BC25B-4101-4E2E-8872-7657EC95489F}.Release|Any CPU.ActiveCfg = Release|Any CPU
		{F49BC25B-4101-4E2E-8872-7657EC95489F}.Release|Any CPU.Build.0 = Release|Any CPU
		{E7C09A8A-636A-4E4E-841D-805109A3467D}.Debug|Any CPU.ActiveCfg = Debug|Any CPU
		{E7C09A8A-636A-4E4E-841D-805109A3467D}.Debug|Any CPU.Build.0 = Debug|Any CPU
		{E7C09A8A-636A-4E4E-841D-805109A3467D}.Release|Any CPU.ActiveCfg = Release|Any CPU
		{E7C09A8A-636A-4E4E-841D-805109A3467D}.Release|Any CPU.Build.0 = Release|Any CPU
		{CC1AF409-3CBA-475C-99B7-889D72ADB6E8}.Debug|Any CPU.ActiveCfg = Debug|Any CPU
		{CC1AF409-3CBA-475C-99B7-889D72ADB6E8}.Debug|Any CPU.Build.0 = Debug|Any CPU
		{CC1AF409-3CBA-475C-99B7-889D72ADB6E8}.Release|Any CPU.ActiveCfg = Release|Any CPU
		{CC1AF409-3CBA-475C-99B7-889D72ADB6E8}.Release|Any CPU.Build.0 = Release|Any CPU
		{E41A742A-225F-47EC-9418-F1924156602F}.Debug|Any CPU.ActiveCfg = Debug|Any CPU
		{E41A742A-225F-47EC-9418-F1924156602F}.Debug|Any CPU.Build.0 = Debug|Any CPU
		{E41A742A-225F-47EC-9418-F1924156602F}.Release|Any CPU.ActiveCfg = Release|Any CPU
		{E41A742A-225F-47EC-9418-F1924156602F}.Release|Any CPU.Build.0 = Release|Any CPU
	EndGlobalSection
	GlobalSection(SolutionProperties) = preSolution
		HideSolutionNode = FALSE
	EndGlobalSection
EndGlobal
